
Microsoft Visual Studio Solution File, Format Version 12.00
# Visual Studio 2012
Project("{FAE04EC0-301F-11D3-BF4B-00C04F79EFBC}") = "Pinta.ImageManipulation", "Pinta.ImageManipulation\Pinta.ImageManipulation.csproj", "{F8DF7505-B2E8-45CB-B7C4-B1A884BFF582}"
EndProject
Project("{FAE04EC0-301F-11D3-BF4B-00C04F79EFBC}") = "Pinta.TestHarness", "Pinta.TestHarness\Pinta.TestHarness.csproj", "{89BF2843-9D90-40B9-ABA7-84315C10A8CB}"
EndProject
Project("{FAE04EC0-301F-11D3-BF4B-00C04F79EFBC}") = "Pinta.ImageManipulation.System.Drawing", "Pinta.ImageManipulation.System.Drawing\Pinta.ImageManipulation.System.Drawing.csproj", "{90A335A2-F419-4085-A297-4A1C47D2CE68}"
EndProject
Project("{FAE04EC0-301F-11D3-BF4B-00C04F79EFBC}") = "Pinta.ImageManipulation.Cairo", "Pinta.ImageManipulation.Cairo\Pinta.ImageManipulation.Cairo.csproj", "{E189D463-7CFC-4049-B455-6A6499AB0F65}"
EndProject
Project("{FAE04EC0-301F-11D3-BF4B-00C04F79EFBC}") = "Pinta.ImageManipulation.UnitTests", "Pinta.ImageManipulation.UnitTests\Pinta.ImageManipulation.UnitTests.csproj", "{4E475700-9CC2-46DA-A6DA-F1835C6232E7}"
EndProject
Global
	GlobalSection(SolutionConfigurationPlatforms) = preSolution
		Debug|Any CPU = Debug|Any CPU
		Debug|Mixed Platforms = Debug|Mixed Platforms
		Debug|x86 = Debug|x86
		Release|Any CPU = Release|Any CPU
		Release|Mixed Platforms = Release|Mixed Platforms
		Release|x86 = Release|x86
	EndGlobalSection
	GlobalSection(ProjectConfigurationPlatforms) = postSolution
		{F8DF7505-B2E8-45CB-B7C4-B1A884BFF582}.Debug|Any CPU.ActiveCfg = Debug|Any CPU
		{F8DF7505-B2E8-45CB-B7C4-B1A884BFF582}.Debug|Any CPU.Build.0 = Debug|Any CPU
		{F8DF7505-B2E8-45CB-B7C4-B1A884BFF582}.Debug|Mixed Platforms.ActiveCfg = Debug|Any CPU
		{F8DF7505-B2E8-45CB-B7C4-B1A884BFF582}.Debug|Mixed Platforms.Build.0 = Debug|Any CPU
		{F8DF7505-B2E8-45CB-B7C4-B1A884BFF582}.Debug|x86.ActiveCfg = Debug|Any CPU
		{F8DF7505-B2E8-45CB-B7C4-B1A884BFF582}.Release|Any CPU.ActiveCfg = Release|Any CPU
		{F8DF7505-B2E8-45CB-B7C4-B1A884BFF582}.Release|Any CPU.Build.0 = Release|Any CPU
		{F8DF7505-B2E8-45CB-B7C4-B1A884BFF582}.Release|Mixed Platforms.ActiveCfg = Release|Any CPU
		{F8DF7505-B2E8-45CB-B7C4-B1A884BFF582}.Release|Mixed Platforms.Build.0 = Release|Any CPU
		{F8DF7505-B2E8-45CB-B7C4-B1A884BFF582}.Release|x86.ActiveCfg = Release|Any CPU
		{89BF2843-9D90-40B9-ABA7-84315C10A8CB}.Debug|Any CPU.ActiveCfg = Debug|x86
		{89BF2843-9D90-40B9-ABA7-84315C10A8CB}.Debug|Mixed Platforms.ActiveCfg = Debug|x86
		{89BF2843-9D90-40B9-ABA7-84315C10A8CB}.Debug|Mixed Platforms.Build.0 = Debug|x86
		{89BF2843-9D90-40B9-ABA7-84315C10A8CB}.Debug|x86.ActiveCfg = Debug|x86
		{89BF2843-9D90-40B9-ABA7-84315C10A8CB}.Debug|x86.Build.0 = Debug|x86
		{89BF2843-9D90-40B9-ABA7-84315C10A8CB}.Release|Any CPU.ActiveCfg = Release|x86
		{89BF2843-9D90-40B9-ABA7-84315C10A8CB}.Release|Mixed Platforms.ActiveCfg = Release|x86
		{89BF2843-9D90-40B9-ABA7-84315C10A8CB}.Release|Mixed Platforms.Build.0 = Release|x86
		{89BF2843-9D90-40B9-ABA7-84315C10A8CB}.Release|x86.ActiveCfg = Release|x86
		{89BF2843-9D90-40B9-ABA7-84315C10A8CB}.Release|x86.Build.0 = Release|x86
		{90A335A2-F419-4085-A297-4A1C47D2CE68}.Debug|Any CPU.ActiveCfg = Debug|Any CPU
		{90A335A2-F419-4085-A297-4A1C47D2CE68}.Debug|Any CPU.Build.0 = Debug|Any CPU
		{90A335A2-F419-4085-A297-4A1C47D2CE68}.Debug|Mixed Platforms.ActiveCfg = Debug|Any CPU
		{90A335A2-F419-4085-A297-4A1C47D2CE68}.Debug|Mixed Platforms.Build.0 = Debug|Any CPU
		{90A335A2-F419-4085-A297-4A1C47D2CE68}.Debug|x86.ActiveCfg = Debug|Any CPU
		{90A335A2-F419-4085-A297-4A1C47D2CE68}.Release|Any CPU.ActiveCfg = Release|Any CPU
		{90A335A2-F419-4085-A297-4A1C47D2CE68}.Release|Any CPU.Build.0 = Release|Any CPU
		{90A335A2-F419-4085-A297-4A1C47D2CE68}.Release|Mixed Platforms.ActiveCfg = Release|Any CPU
		{90A335A2-F419-4085-A297-4A1C47D2CE68}.Release|Mixed Platforms.Build.0 = Release|Any CPU
		{90A335A2-F419-4085-A297-4A1C47D2CE68}.Release|x86.ActiveCfg = Release|Any CPU
		{E189D463-7CFC-4049-B455-6A6499AB0F65}.Debug|Any CPU.ActiveCfg = Debug|Any CPU
		{E189D463-7CFC-4049-B455-6A6499AB0F65}.Debug|Any CPU.Build.0 = Debug|Any CPU
		{E189D463-7CFC-4049-B455-6A6499AB0F65}.Debug|Mixed Platforms.ActiveCfg = Debug|Any CPU
		{E189D463-7CFC-4049-B455-6A6499AB0F65}.Debug|Mixed Platforms.Build.0 = Debug|Any CPU
		{E189D463-7CFC-4049-B455-6A6499AB0F65}.Debug|x86.ActiveCfg = Debug|Any CPU
		{E189D463-7CFC-4049-B455-6A6499AB0F65}.Release|Any CPU.ActiveCfg = Release|Any CPU
		{E189D463-7CFC-4049-B455-6A6499AB0F65}.Release|Any CPU.Build.0 = Release|Any CPU
		{E189D463-7CFC-4049-B455-6A6499AB0F65}.Release|Mixed Platforms.ActiveCfg = Release|Any CPU
		{E189D463-7CFC-4049-B455-6A6499AB0F65}.Release|Mixed Platforms.Build.0 = Release|Any CPU
		{E189D463-7CFC-4049-B455-6A6499AB0F65}.Release|x86.ActiveCfg = Release|Any CPU
		{4E475700-9CC2-46DA-A6DA-F1835C6232E7}.Debug|Any CPU.ActiveCfg = Debug|Any CPU
		{4E475700-9CC2-46DA-A6DA-F1835C6232E7}.Debug|Any CPU.Build.0 = Debug|Any CPU
		{4E475700-9CC2-46DA-A6DA-F1835C6232E7}.Debug|Mixed Platforms.ActiveCfg = Debug|Any CPU
		{4E475700-9CC2-46DA-A6DA-F1835C6232E7}.Debug|Mixed Platforms.Build.0 = Debug|Any CPU
		{4E475700-9CC2-46DA-A6DA-F1835C6232E7}.Debug|x86.ActiveCfg = Debug|Any CPU
		{4E475700-9CC2-46DA-A6DA-F1835C6232E7}.Release|Any CPU.ActiveCfg = Release|Any CPU
		{4E475700-9CC2-46DA-A6DA-F1835C6232E7}.Release|Any CPU.Build.0 = Release|Any CPU
		{4E475700-9CC2-46DA-A6DA-F1835C6232E7}.Release|Mixed Platforms.ActiveCfg = Release|Any CPU
		{4E475700-9CC2-46DA-A6DA-F1835C6232E7}.Release|Mixed Platforms.Build.0 = Release|Any CPU
		{4E475700-9CC2-46DA-A6DA-F1835C6232E7}.Release|x86.ActiveCfg = Release|Any CPU
	EndGlobalSection
	GlobalSection(SolutionProperties) = preSolution
		HideSolutionNode = FALSE
	EndGlobalSection
EndGlobal
